
Microsoft Visual Studio Solution File, Format Version 12.00
# Visual Studio 2012
Project("{8BC9CEB8-8B4A-11D0-8D11-00A0C91BC942}") = "L7 Eric Magers", "L7 Eric Magers\L7 Eric Magers.vcxproj", "{6E61A833-6F61-44E2-843C-45795C284309}"
EndProject
Global
	GlobalSection(SolutionConfigurationPlatforms) = preSolution
		Debug|Win32 = Debug|Win32
		Release|Win32 = Release|Win32
	EndGlobalSection
	GlobalSection(ProjectConfigurationPlatforms) = postSolution
		{6E61A833-6F61-44E2-843C-45795C284309}.Debug|Win32.ActiveCfg = Debug|Win32
		{6E61A833-6F61-44E2-843C-45795C284309}.Debug|Win32.Build.0 = Debug|Win32
		{6E61A833-6F61-44E2-843C-45795C284309}.Release|Win32.ActiveCfg = Release|Win32
		{6E61A833-6F61-44E2-843C-45795C284309}.Release|Win32.Build.0 = Release|Win32
	EndGlobalSection
	GlobalSection(SolutionProperties) = preSolution
		HideSolutionNode = FALSE
	EndGlobalSection
EndGlobal
